
Microsoft Visual Studio Solution File, Format Version 12.00
# Visual Studio Version 18
VisualStudioVersion = 18.1.11312.151 d18.0
MinimumVisualStudioVersion = 10.0.40219.1
Project("{FAE04EC0-301F-11D3-BF4B-00C04F79EFBC}") = "Domain", "Domain\Domain.csproj", "{0C5F7DFD-8C53-4294-B21E-5EF1912E2CBF}"
EndProject
Project("{FAE04EC0-301F-11D3-BF4B-00C04F79EFBC}") = "Application", "Application\Application.csproj", "{16FB2CD1-D5A4-4C48-96CD-7071E2FA562E}"
EndProject
Project("{FAE04EC0-301F-11D3-BF4B-00C04F79EFBC}") = "Infrastructure", "Infrastructure\Infrastructure.csproj", "{75B0D7EC-1D2B-4BB5-B3E2-CD2D7F004339}"
EndProject
Project("{FAE04EC0-301F-11D3-BF4B-00C04F79EFBC}") = "API", "API\API.csproj", "{FE1D167E-4F09-4090-8929-702C8CA5076B}"
EndProject
Global
	GlobalSection(SolutionConfigurationPlatforms) = preSolution
		Debug|Any CPU = Debug|Any CPU
		Release|Any CPU = Release|Any CPU
	EndGlobalSection
	GlobalSection(ProjectConfigurationPlatforms) = postSolution
		{0C5F7DFD-8C53-4294-B21E-5EF1912E2CBF}.Debug|Any CPU.ActiveCfg = Debug|Any CPU
		{0C5F7DFD-8C53-4294-B21E-5EF1912E2CBF}.Debug|Any CPU.Build.0 = Debug|Any CPU
		{0C5F7DFD-8C53-4294-B21E-5EF1912E2CBF}.Release|Any CPU.ActiveCfg = Release|Any CPU
		{0C5F7DFD-8C53-4294-B21E-5EF1912E2CBF}.Release|Any CPU.Build.0 = Release|Any CPU
		{16FB2CD1-D5A4-4C48-96CD-7071E2FA562E}.Debug|Any CPU.ActiveCfg = Debug|Any CPU
		{16FB2CD1-D5A4-4C48-96CD-7071E2FA562E}.Debug|Any CPU.Build.0 = Debug|Any CPU
		{16FB2CD1-D5A4-4C48-96CD-7071E2FA562E}.Release|Any CPU.ActiveCfg = Release|Any CPU
		{16FB2CD1-D5A4-4C48-96CD-7071E2FA562E}.Release|Any CPU.Build.0 = Release|Any CPU
		{75B0D7EC-1D2B-4BB5-B3E2-CD2D7F004339}.Debug|Any CPU.ActiveCfg = Debug|Any CPU
		{75B0D7EC-1D2B-4BB5-B3E2-CD2D7F004339}.Debug|Any CPU.Build.0 = Debug|Any CPU
		{75B0D7EC-1D2B-4BB5-B3E2-CD2D7F004339}.Release|Any CPU.ActiveCfg = Release|Any CPU
		{75B0D7EC-1D2B-4BB5-B3E2-CD2D7F004339}.Release|Any CPU.Build.0 = Release|Any CPU
		{FE1D167E-4F09-4090-8929-702C8CA5076B}.Debug|Any CPU.ActiveCfg = Debug|Any CPU
		{FE1D167E-4F09-4090-8929-702C8CA5076B}.Debug|Any CPU.Build.0 = Debug|Any CPU
		{FE1D167E-4F09-4090-8929-702C8CA5076B}.Release|Any CPU.ActiveCfg = Release|Any CPU
		{FE1D167E-4F09-4090-8929-702C8CA5076B}.Release|Any CPU.Build.0 = Release|Any CPU
	EndGlobalSection
	GlobalSection(SolutionProperties) = preSolution
		HideSolutionNode = FALSE
	EndGlobalSection
	GlobalSection(ExtensibilityGlobals) = postSolution
		SolutionGuid = {738499DE-4C21-458A-93ED-2CBBFD6B6EE9}
	EndGlobalSection
EndGlobal
